
Microsoft Visual Studio Solution File, Format Version 12.00
# Visual Studio Version 17
VisualStudioVersion = 17.4.33205.214
MinimumVisualStudioVersion = 10.0.40219.1
Project("{FAE04EC0-301F-11D3-BF4B-00C04F79EFBC}") = "CalculadoraFinal.UWP", "CalculadoraFinal\CalculadoraFinal.UWP\CalculadoraFinal.UWP.csproj", "{D52A5879-DF04-400B-90EE-5532090F620A}"
EndProject
Project("{FAE04EC0-301F-11D3-BF4B-00C04F79EFBC}") = "CalculadoraFinal.Android", "CalculadoraFinal\CalculadoraFinal.Android\CalculadoraFinal.Android.csproj", "{27751415-1CE6-42B0-B5DC-B11B4EEE2A29}"
EndProject
Project("{FAE04EC0-301F-11D3-BF4B-00C04F79EFBC}") = "CalculadoraFinal.iOS", "CalculadoraFinal\CalculadoraFinal.iOS\CalculadoraFinal.iOS.csproj", "{6A0A2FC9-0F2C-4F2C-B4A6-090CCA67F23A}"
EndProject
Project("{FAE04EC0-301F-11D3-BF4B-00C04F79EFBC}") = "CalculadoraFinal", "CalculadoraFinal\CalculadoraFinal\CalculadoraFinal.csproj", "{501CC9E8-B44D-4192-B733-0AA948EF0F13}"
EndProject
Global
	GlobalSection(SolutionConfigurationPlatforms) = preSolution
		Debug|Any CPU = Debug|Any CPU
		Debug|ARM = Debug|ARM
		Debug|iPhone = Debug|iPhone
		Debug|iPhoneSimulator = Debug|iPhoneSimulator
		Debug|x64 = Debug|x64
		Debug|x86 = Debug|x86
		Release|Any CPU = Release|Any CPU
		Release|ARM = Release|ARM
		Release|iPhone = Release|iPhone
		Release|iPhoneSimulator = Release|iPhoneSimulator
		Release|x64 = Release|x64
		Release|x86 = Release|x86
	EndGlobalSection
	GlobalSection(ProjectConfigurationPlatforms) = postSolution
		{D52A5879-DF04-400B-90EE-5532090F620A}.Debug|Any CPU.ActiveCfg = Debug|x64
		{D52A5879-DF04-400B-90EE-5532090F620A}.Debug|Any CPU.Build.0 = Debug|x64
		{D52A5879-DF04-400B-90EE-5532090F620A}.Debug|Any CPU.Deploy.0 = Debug|x64
		{D52A5879-DF04-400B-90EE-5532090F620A}.Debug|ARM.ActiveCfg = Debug|ARM
		{D52A5879-DF04-400B-90EE-5532090F620A}.Debug|ARM.Build.0 = Debug|ARM
		{D52A5879-DF04-400B-90EE-5532090F620A}.Debug|ARM.Deploy.0 = Debug|ARM
		{D52A5879-DF04-400B-90EE-5532090F620A}.Debug|iPhone.ActiveCfg = Debug|x64
		{D52A5879-DF04-400B-90EE-5532090F620A}.Debug|iPhone.Build.0 = Debug|x64
		{D52A5879-DF04-400B-90EE-5532090F620A}.Debug|iPhone.Deploy.0 = Debug|x64
		{D52A5879-DF04-400B-90EE-5532090F620A}.Debug|iPhoneSimulator.ActiveCfg = Debug|x64
		{D52A5879-DF04-400B-90EE-5532090F620A}.Debug|iPhoneSimulator.Build.0 = Debug|x64
		{D52A5879-DF04-400B-90EE-5532090F620A}.Debug|iPhoneSimulator.Deploy.0 = Debug|x64
		{D52A5879-DF04-400B-90EE-5532090F620A}.Debug|x64.ActiveCfg = Debug|x64
		{D52A5879-DF04-400B-90EE-5532090F620A}.Debug|x64.Build.0 = Debug|x64
		{D52A5879-DF04-400B-90EE-5532090F620A}.Debug|x64.Deploy.0 = Debug|x64
		{D52A5879-DF04-400B-90EE-5532090F620A}.Debug|x86.ActiveCfg = Debug|x86
		{D52A5879-DF04-400B-90EE-5532090F620A}.Debug|x86.Build.0 = Debug|x86
		{D52A5879-DF04-400B-90EE-5532090F620A}.Debug|x86.Deploy.0 = Debug|x86
		{D52A5879-DF04-400B-90EE-5532090F620A}.Release|Any CPU.ActiveCfg = Release|x64
		{D52A5879-DF04-400B-90EE-5532090F620A}.Release|Any CPU.Build.0 = Release|x64
		{D52A5879-DF04-400B-90EE-5532090F620A}.Release|Any CPU.Deploy.0 = Release|x64
		{D52A5879-DF04-400B-90EE-5532090F620A}.Release|ARM.ActiveCfg = Release|ARM
		{D52A5879-DF04-400B-90EE-5532090F620A}.Release|ARM.Build.0 = Release|ARM
		{D52A5879-DF04-400B-90EE-5532090F620A}.Release|ARM.Deploy.0 = Release|ARM
		{D52A5879-DF04-400B-90EE-5532090F620A}.Release|iPhone.ActiveCfg = Release|x64
		{D52A5879-DF04-400B-90EE-5532090F620A}.Release|iPhone.Build.0 = Release|x64
		{D52A5879-DF04-400B-90EE-5532090F620A}.Release|iPhone.Deploy.0 = Release|x64
		{D52A5879-DF04-400B-90EE-5532090F620A}.Release|iPhoneSimulator.ActiveCfg = Release|x64
		{D52A5879-DF04-400B-90EE-5532090F620A}.Release|iPhoneSimulator.Build.0 = Release|x64
		{D52A5879-DF04-400B-90EE-5532090F620A}.Release|iPhoneSimulator.Deploy.0 = Release|x64
		{D52A5879-DF04-400B-90EE-5532090F620A}.Release|x64.ActiveCfg = Release|x64
		{D52A5879-DF04-400B-90EE-5532090F620A}.Release|x64.Build.0 = Release|x64
		{D52A5879-DF04-400B-90EE-5532090F620A}.Release|x64.Deploy.0 = Release|x64
		{D52A5879-DF04-400B-90EE-5532090F620A}.Release|x86.ActiveCfg = Release|x86
		{D52A5879-DF04-400B-90EE-5532090F620A}.Release|x86.Build.0 = Release|x86
		{D52A5879-DF04-400B-90EE-5532090F620A}.Release|x86.Deploy.0 = Release|x86
		{27751415-1CE6-42B0-B5DC-B11B4EEE2A29}.Debug|Any CPU.ActiveCfg = Debug|Any CPU
		{27751415-1CE6-42B0-B5DC-B11B4EEE2A29}.Debug|Any CPU.Build.0 = Debug|Any CPU
		{27751415-1CE6-42B0-B5DC-B11B4EEE2A29}.Debug|Any CPU.Deploy.0 = Debug|Any CPU
		{27751415-1CE6-42B0-B5DC-B11B4EEE2A29}.Debug|ARM.ActiveCfg = Debug|Any CPU
		{27751415-1CE6-42B0-B5DC-B11B4EEE2A29}.Debug|ARM.Build.0 = Debug|Any CPU
		{27751415-1CE6-42B0-B5DC-B11B4EEE2A29}.Debug|ARM.Deploy.0 = Debug|Any CPU
		{27751415-1CE6-42B0-B5DC-B11B4EEE2A29}.Debug|iPhone.ActiveCfg = Debug|Any CPU
		{27751415-1CE6-42B0-B5DC-B11B4EEE2A29}.Debug|iPhone.Build.0 = Debug|Any CPU
		{27751415-1CE6-42B0-B5DC-B11B4EEE2A29}.Debug|iPhone.Deploy.0 = Debug|Any CPU
		{27751415-1CE6-42B0-B5DC-B11B4EEE2A29}.Debug|iPhoneSimulator.ActiveCfg = Debug|Any CPU
		{27751415-1CE6-42B0-B5DC-B11B4EEE2A29}.Debug|iPhoneSimulator.Build.0 = Debug|Any CPU
		{27751415-1CE6-42B0-B5DC-B11B4EEE2A29}.Debug|iPhoneSimulator.Deploy.0 = Debug|Any CPU
		{27751415-1CE6-42B0-B5DC-B11B4EEE2A29}.Debug|x64.ActiveCfg = Debug|Any CPU
		{27751415-1CE6-42B0-B5DC-B11B4EEE2A29}.Debug|x64.Build.0 = Debug|Any CPU
		{27751415-1CE6-42B0-B5DC-B11B4EEE2A29}.Debug|x64.Deploy.0 = Debug|Any CPU
		{27751415-1CE6-42B0-B5DC-B11B4EEE2A29}.Debug|x86.ActiveCfg = Debug|Any CPU
		{27751415-1CE6-42B0-B5DC-B11B4EEE2A29}.Debug|x86.Build.0 = Debug|Any CPU
		{27751415-1CE6-42B0-B5DC-B11B4EEE2A29}.Debug|x86.Deploy.0 = Debug|Any CPU
		{27751415-1CE6-42B0-B5DC-B11B4EEE2A29}.Release|Any CPU.ActiveCfg = Release|Any CPU
		{27751415-1CE6-42B0-B5DC-B11B4EEE2A29}.Release|Any CPU.Build.0 = Release|Any CPU
		{27751415-1CE6-42B0-B5DC-B11B4EEE2A29}.Release|Any CPU.Deploy.0 = Release|Any CPU
		{27751415-1CE6-42B0-B5DC-B11B4EEE2A29}.Release|ARM.ActiveCfg = Release|Any CPU
		{27751415-1CE6-42B0-B5DC-B11B4EEE2A29}.Release|ARM.Build.0 = Release|Any CPU
		{27751415-1CE6-42B0-B5DC-B11B4EEE2A29}.Release|ARM.Deploy.0 = Release|Any CPU
		{27751415-1CE6-42B0-B5DC-B11B4EEE2A29}.Release|iPhone.ActiveCfg = Release|Any CPU
		{27751415-1CE6-42B0-B5DC-B11B4EEE2A29}.Release|iPhone.Build.0 = Release|Any CPU
		{27751415-1CE6-42B0-B5DC-B11B4EEE2A29}.Release|iPhone.Deploy.0 = Release|Any CPU
		{27751415-1CE6-42B0-B5DC-B11B4EEE2A29}.Release|iPhoneSimulator.ActiveCfg = Release|Any CPU
		{27751415-1CE6-42B0-B5DC-B11B4EEE2A29}.Release|iPhoneSimulator.Build.0 = Release|Any CPU
		{27751415-1CE6-42B0-B5DC-B11B4EEE2A29}.Release|iPhoneSimulator.Deploy.0 = Release|Any CPU
		{27751415-1CE6-42B0-B5DC-B11B4EEE2A29}.Release|x64.ActiveCfg = Release|Any CPU
		{27751415-1CE6-42B0-B5DC-B11B4EEE2A29}.Release|x64.Build.0 = Release|Any CPU
		{27751415-1CE6-42B0-B5DC-B11B4EEE2A29}.Release|x64.Deploy.0 = Release|Any CPU
		{27751415-1CE6-42B0-B5DC-B11B4EEE2A29}.Release|x86.ActiveCfg = Release|Any CPU
		{27751415-1CE6-42B0-B5DC-B11B4EEE2A29}.Release|x86.Build.0 = Release|Any CPU
		{27751415-1CE6-42B0-B5DC-B11B4EEE2A29}.Release|x86.Deploy.0 = Release|Any CPU
		{6A0A2FC9-0F2C-4F2C-B4A6-090CCA67F23A}.Debug|Any CPU.ActiveCfg = Debug|iPhoneSimulator
		{6A0A2FC9-0F2C-4F2C-B4A6-090CCA67F23A}.Debug|Any CPU.Build.0 = Debug|iPhoneSimulator
		{6A0A2FC9-0F2C-4F2C-B4A6-090CCA67F23A}.Debug|Any CPU.Deploy.0 = Debug|iPhoneSimulator
		{6A0A2FC9-0F2C-4F2C-B4A6-090CCA67F23A}.Debug|ARM.ActiveCfg = Debug|iPhoneSimulator
		{6A0A2FC9-0F2C-4F2C-B4A6-090CCA67F23A}.Debug|ARM.Build.0 = Debug|iPhoneSimulator
		{6A0A2FC9-0F2C-4F2C-B4A6-090CCA67F23A}.Debug|ARM.Deploy.0 = Debug|iPhoneSimulator
		{6A0A2FC9-0F2C-4F2C-B4A6-090CCA67F23A}.Debug|iPhone.ActiveCfg = Debug|iPhone
		{6A0A2FC9-0F2C-4F2C-B4A6-090CCA67F23A}.Debug|iPhone.Build.0 = Debug|iPhone
		{6A0A2FC9-0F2C-4F2C-B4A6-090CCA67F23A}.Debug|iPhone.Deploy.0 = Debug|iPhone
		{6A0A2FC9-0F2C-4F2C-B4A6-090CCA67F23A}.Debug|iPhoneSimulator.ActiveCfg = Debug|iPhoneSimulator
		{6A0A2FC9-0F2C-4F2C-B4A6-090CCA67F23A}.Debug|iPhoneSimulator.Build.0 = Debug|iPhoneSimulator
		{6A0A2FC9-0F2C-4F2C-B4A6-090CCA67F23A}.Debug|iPhoneSimulator.Deploy.0 = Debug|iPhoneSimulator
		{6A0A2FC9-0F2C-4F2C-B4A6-090CCA67F23A}.Debug|x64.ActiveCfg = Debug|iPhone
		{6A0A2FC9-0F2C-4F2C-B4A6-090CCA67F23A}.Debug|x64.Build.0 = Debug|iPhone
		{6A0A2FC9-0F2C-4F2C-B4A6-090CCA67F23A}.Debug|x64.Deploy.0 = Debug|iPhone
		{6A0A2FC9-0F2C-4F2C-B4A6-090CCA67F23A}.Debug|x86.ActiveCfg = Debug|iPhoneSimulator
		{6A0A2FC9-0F2C-4F2C-B4A6-090CCA67F23A}.Debug|x86.Build.0 = Debug|iPhoneSimulator
		{6A0A2FC9-0F2C-4F2C-B4A6-090CCA67F23A}.Debug|x86.Deploy.0 = Debug|iPhoneSimulator
		{6A0A2FC9-0F2C-4F2C-B4A6-090CCA67F23A}.Release|Any CPU.ActiveCfg = Release|iPhoneSimulator
		{6A0A2FC9-0F2C-4F2C-B4A6-090CCA67F23A}.Release|Any CPU.Build.0 = Release|iPhoneSimulator
		{6A0A2FC9-0F2C-4F2C-B4A6-090CCA67F23A}.Release|Any CPU.Deploy.0 = Release|iPhoneSimulator
		{6A0A2FC9-0F2C-4F2C-B4A6-090CCA67F23A}.Release|ARM.ActiveCfg = Release|iPhoneSimulator
		{6A0A2FC9-0F2C-4F2C-B4A6-090CCA67F23A}.Release|ARM.Build.0 = Release|iPhoneSimulator
		{6A0A2FC9-0F2C-4F2C-B4A6-090CCA67F23A}.Release|ARM.Deploy.0 = Release|iPhoneSimulator
		{6A0A2FC9-0F2C-4F2C-B4A6-090CCA67F23A}.Release|iPhone.ActiveCfg = Release|iPhone
		{6A0A2FC9-0F2C-4F2C-B4A6-090CCA67F23A}.Release|iPhone.Build.0 = Release|iPhone
		{6A0A2FC9-0F2C-4F2C-B4A6-090CCA67F23A}.Release|iPhone.Deploy.0 = Release|iPhone
		{6A0A2FC9-0F2C-4F2C-B4A6-090CCA67F23A}.Release|iPhoneSimulator.ActiveCfg = Release|iPhoneSimulator
		{6A0A2FC9-0F2C-4F2C-B4A6-090CCA67F23A}.Release|iPhoneSimulator.Build.0 = Release|iPhoneSimulator
		{6A0A2FC9-0F2C-4F2C-B4A6-090CCA67F23A}.Release|iPhoneSimulator.Deploy.0 = Release|iPhoneSimulator
		{6A0A2FC9-0F2C-4F2C-B4A6-090CCA67F23A}.Release|x64.ActiveCfg = Release|iPhoneSimulator
		{6A0A2FC9-0F2C-4F2C-B4A6-090CCA67F23A}.Release|x64.Build.0 = Release|iPhoneSimulator
		{6A0A2FC9-0F2C-4F2C-B4A6-090CCA67F23A}.Release|x64.Deploy.0 = Release|iPhoneSimulator
		{6A0A2FC9-0F2C-4F2C-B4A6-090CCA67F23A}.Release|x86.ActiveCfg = Release|iPhoneSimulator
		{6A0A2FC9-0F2C-4F2C-B4A6-090CCA67F23A}.Release|x86.Build.0 = Release|iPhoneSimulator
		{6A0A2FC9-0F2C-4F2C-B4A6-090CCA67F23A}.Release|x86.Deploy.0 = Release|iPhoneSimulator
		{501CC9E8-B44D-4192-B733-0AA948EF0F13}.Debug|Any CPU.ActiveCfg = Debug|Any CPU
		{501CC9E8-B44D-4192-B733-0AA948EF0F13}.Debug|Any CPU.Build.0 = Debug|Any CPU
		{501CC9E8-B44D-4192-B733-0AA948EF0F13}.Debug|Any CPU.Deploy.0 = Debug|Any CPU
		{501CC9E8-B44D-4192-B733-0AA948EF0F13}.Debug|ARM.ActiveCfg = Debug|Any CPU
		{501CC9E8-B44D-4192-B733-0AA948EF0F13}.Debug|ARM.Build.0 = Debug|Any CPU
		{501CC9E8-B44D-4192-B733-0AA948EF0F13}.Debug|ARM.Deploy.0 = Debug|Any CPU
		{501CC9E8-B44D-4192-B733-0AA948EF0F13}.Debug|iPhone.ActiveCfg = Debug|Any CPU
		{501CC9E8-B44D-4192-B733-0AA948EF0F13}.Debug|iPhone.Build.0 = Debug|Any CPU
		{501CC9E8-B44D-4192-B733-0AA948EF0F13}.Debug|iPhone.Deploy.0 = Debug|Any CPU
		{501CC9E8-B44D-4192-B733-0AA948EF0F13}.Debug|iPhoneSimulator.ActiveCfg = Debug|Any CPU
		{501CC9E8-B44D-4192-B733-0AA948EF0F13}.Debug|iPhoneSimulator.Build.0 = Debug|Any CPU
		{501CC9E8-B44D-4192-B733-0AA948EF0F13}.Debug|iPhoneSimulator.Deploy.0 = Debug|Any CPU
		{501CC9E8-B44D-4192-B733-0AA948EF0F13}.Debug|x64.ActiveCfg = Debug|Any CPU
		{501CC9E8-B44D-4192-B733-0AA948EF0F13}.Debug|x64.Build.0 = Debug|Any CPU
		{501CC9E8-B44D-4192-B733-0AA948EF0F13}.Debug|x64.Deploy.0 = Debug|Any CPU
		{501CC9E8-B44D-4192-B733-0AA948EF0F13}.Debug|x86.ActiveCfg = Debug|Any CPU
		{501CC9E8-B44D-4192-B733-0AA948EF0F13}.Debug|x86.Build.0 = Debug|Any CPU
		{501CC9E8-B44D-4192-B733-0AA948EF0F13}.Debug|x86.Deploy.0 = Debug|Any CPU
		{501CC9E8-B44D-4192-B733-0AA948EF0F13}.Release|Any CPU.ActiveCfg = Release|Any CPU
		{501CC9E8-B44D-4192-B733-0AA948EF0F13}.Release|Any CPU.Build.0 = Release|Any CPU
		{501CC9E8-B44D-4192-B733-0AA948EF0F13}.Release|Any CPU.Deploy.0 = Release|Any CPU
		{501CC9E8-B44D-4192-B733-0AA948EF0F13}.Release|ARM.ActiveCfg = Release|Any CPU
		{501CC9E8-B44D-4192-B733-0AA948EF0F13}.Release|ARM.Build.0 = Release|Any CPU
		{501CC9E8-B44D-4192-B733-0AA948EF0F13}.Release|ARM.Deploy.0 = Release|Any CPU
		{501CC9E8-B44D-4192-B733-0AA948EF0F13}.Release|iPhone.ActiveCfg = Release|Any CPU
		{501CC9E8-B44D-4192-B733-0AA948EF0F13}.Release|iPhone.Build.0 = Release|Any CPU
		{501CC9E8-B44D-4192-B733-0AA948EF0F13}.Release|iPhone.Deploy.0 = Release|Any CPU
		{501CC9E8-B44D-4192-B733-0AA948EF0F13}.Release|iPhoneSimulator.ActiveCfg = Release|Any CPU
		{501CC9E8-B44D-4192-B733-0AA948EF0F13}.Release|iPhoneSimulator.Build.0 = Release|Any CPU
		{501CC9E8-B44D-4192-B733-0AA948EF0F13}.Release|iPhoneSimulator.Deploy.0 = Release|Any CPU
		{501CC9E8-B44D-4192-B733-0AA948EF0F13}.Release|x64.ActiveCfg = Release|Any CPU
		{501CC9E8-B44D-4192-B733-0AA948EF0F13}.Release|x64.Build.0 = Release|Any CPU
		{501CC9E8-B44D-4192-B733-0AA948EF0F13}.Release|x64.Deploy.0 = Release|Any CPU
		{501CC9E8-B44D-4192-B733-0AA948EF0F13}.Release|x86.ActiveCfg = Release|Any CPU
		{501CC9E8-B44D-4192-B733-0AA948EF0F13}.Release|x86.Build.0 = Release|Any CPU
		{501CC9E8-B44D-4192-B733-0AA948EF0F13}.Release|x86.Deploy.0 = Release|Any CPU
	EndGlobalSection
	GlobalSection(SolutionProperties) = preSolution
		HideSolutionNode = FALSE
	EndGlobalSection
	GlobalSection(ExtensibilityGlobals) = postSolution
		SolutionGuid = {7CC7C8A1-6EDB-49CE-B6A7-D70CFFB70BDC}
	EndGlobalSection
EndGlobal
